
Microsoft Visual Studio Solution File, Format Version 12.00
# Visual Studio Version 16
VisualStudioVersion = 16.0.33130.400
MinimumVisualStudioVersion = 10.0.40219.1
Project("{FAE04EC0-301F-11D3-BF4B-00C04F79EFBC}") = "Macro1", "VstacivjI0IipES__27EB4JHX6A\Macro1.csproj", "{D44CBA14-2CAA-4653-9FCF-5094E2AA6A03}"
EndProject
Global
	GlobalSection(SolutionConfigurationPlatforms) = preSolution
		Debug|Any CPU = Debug|Any CPU
		Release|Any CPU = Release|Any CPU
	EndGlobalSection
	GlobalSection(ProjectConfigurationPlatforms) = postSolution
		{D44CBA14-2CAA-4653-9FCF-5094E2AA6A03}.Debug|Any CPU.ActiveCfg = Debug|Any CPU
		{D44CBA14-2CAA-4653-9FCF-5094E2AA6A03}.Debug|Any CPU.Build.0 = Debug|Any CPU
		{D44CBA14-2CAA-4653-9FCF-5094E2AA6A03}.Release|Any CPU.ActiveCfg = Release|Any CPU
		{D44CBA14-2CAA-4653-9FCF-5094E2AA6A03}.Release|Any CPU.Build.0 = Release|Any CPU
	EndGlobalSection
	GlobalSection(SolutionProperties) = preSolution
		HideSolutionNode = FALSE
	EndGlobalSection
	GlobalSection(ExtensibilityGlobals) = postSolution
		SolutionGuid = {C0017ABE-D629-44F6-A083-EB2A9129962C}
	EndGlobalSection
EndGlobal
